
Microsoft Visual Studio Solution File, Format Version 12.00
# Visual Studio 15
VisualStudioVersion = 15.0.26228.12
MinimumVisualStudioVersion = 10.0.40219.1
Project("{FAE04EC0-301F-11D3-BF4B-00C04F79EFBC}") = "StratRoulette", "StratRoulette\StratRoulette.csproj", "{48F3B8D1-32F9-4777-8D67-D091E031705B}"
EndProject
Project("{FAE04EC0-301F-11D3-BF4B-00C04F79EFBC}") = "StratRoulette.Tests", "StratRoulette.Tests\StratRoulette.Tests.csproj", "{8954AD0B-E0D9-43A1-A572-ABFCB2D9393B}"
EndProject
Project("{FAE04EC0-301F-11D3-BF4B-00C04F79EFBC}") = "Business", "Business\Business.csproj", "{209B7687-B521-4AE3-BF8C-98D421BEF99C}"
EndProject
Project("{FAE04EC0-301F-11D3-BF4B-00C04F79EFBC}") = "RestAPI", "RestAPI\RestAPI.csproj", "{DB433A12-90AB-4D6A-B4B9-C614F3DE92EC}"
EndProject
Project("{FAE04EC0-301F-11D3-BF4B-00C04F79EFBC}") = "RestAPI.Tests", "RestAPI.Tests\RestAPI.Tests.csproj", "{AB75A000-DB35-40BA-BDA2-ACEAAEBD3DD4}"
EndProject
Project("{FAE04EC0-301F-11D3-BF4B-00C04F79EFBC}") = "StratBot", "StratApp\StratBot.csproj", "{0CADC6E4-A083-4227-B4FF-E4BF1DFA09F5}"
EndProject
Project("{FAE04EC0-301F-11D3-BF4B-00C04F79EFBC}") = "AspNet.Identity.MySQL", "AspNet.Identity.MySQL\AspNet.Identity.MySQL.csproj", "{26F6ECF9-4369-417B-8CF2-54FA92DF3660}"
EndProject
Project("{FAE04EC0-301F-11D3-BF4B-00C04F79EFBC}") = "ModelLibrary", "Models\ModelLibrary.csproj", "{FEF1022F-F762-41DE-8D38-7EF21956F229}"
EndProject
Project("{FAE04EC0-301F-11D3-BF4B-00C04F79EFBC}") = "StratRouletteCMS", "StratRouletteCMS\StratRouletteCMS.csproj", "{CE945AA4-26E3-4037-A1C2-70E5D5118E5A}"
EndProject
Project("{D954291E-2A0B-460D-934E-DC6B0785DB48}") = "StratCrossPlatformApp", "StratCrossPlatformApp\StratCrossPlatformApp\StratCrossPlatformApp.shproj", "{120A3B6A-D004-442C-8947-61B298D9B005}"
EndProject
Project("{FAE04EC0-301F-11D3-BF4B-00C04F79EFBC}") = "StratCrossPlatformApp.Android", "StratCrossPlatformApp\StratCrossPlatformApp.Android\StratCrossPlatformApp.Android.csproj", "{C70C332B-38D0-4DE8-AA3B-C66540847082}"
EndProject
Project("{FAE04EC0-301F-11D3-BF4B-00C04F79EFBC}") = "StratCrossPlatformApp.iOS", "StratCrossPlatformApp\StratCrossPlatformApp.iOS\StratCrossPlatformApp.iOS.csproj", "{CEDDD902-F608-4569-8E7C-A19146EBFA7C}"
EndProject
Project("{FAE04EC0-301F-11D3-BF4B-00C04F79EFBC}") = "StratCrossPlatformApp.UWP", "StratCrossPlatformApp\StratCrossPlatformApp.UWP\StratCrossPlatformApp.UWP.csproj", "{19D11FCF-4880-4997-BDB1-9F78A336DB71}"
EndProject
Global
	GlobalSection(SharedMSBuildProjectFiles) = preSolution
		StratCrossPlatformApp\StratCrossPlatformApp\StratCrossPlatformApp.projitems*{120a3b6a-d004-442c-8947-61b298d9b005}*SharedItemsImports = 13
		StratCrossPlatformApp\StratCrossPlatformApp\StratCrossPlatformApp.projitems*{19d11fcf-4880-4997-bdb1-9f78a336db71}*SharedItemsImports = 4
		StratCrossPlatformApp\StratCrossPlatformApp\StratCrossPlatformApp.projitems*{c70c332b-38d0-4de8-aa3b-c66540847082}*SharedItemsImports = 4
		StratCrossPlatformApp\StratCrossPlatformApp\StratCrossPlatformApp.projitems*{ceddd902-f608-4569-8e7c-a19146ebfa7c}*SharedItemsImports = 4
	EndGlobalSection
	GlobalSection(SolutionConfigurationPlatforms) = preSolution
		Debug|Any CPU = Debug|Any CPU
		Debug|ARM = Debug|ARM
		Debug|iPhone = Debug|iPhone
		Debug|iPhoneSimulator = Debug|iPhoneSimulator
		Debug|x64 = Debug|x64
		Debug|x86 = Debug|x86
		Release|Any CPU = Release|Any CPU
		Release|ARM = Release|ARM
		Release|iPhone = Release|iPhone
		Release|iPhoneSimulator = Release|iPhoneSimulator
		Release|x64 = Release|x64
		Release|x86 = Release|x86
	EndGlobalSection
	GlobalSection(ProjectConfigurationPlatforms) = postSolution
		{48F3B8D1-32F9-4777-8D67-D091E031705B}.Debug|Any CPU.ActiveCfg = Debug|Any CPU
		{48F3B8D1-32F9-4777-8D67-D091E031705B}.Debug|Any CPU.Build.0 = Debug|Any CPU
		{48F3B8D1-32F9-4777-8D67-D091E031705B}.Debug|ARM.ActiveCfg = Debug|Any CPU
		{48F3B8D1-32F9-4777-8D67-D091E031705B}.Debug|ARM.Build.0 = Debug|Any CPU
		{48F3B8D1-32F9-4777-8D67-D091E031705B}.Debug|iPhone.ActiveCfg = Debug|Any CPU
		{48F3B8D1-32F9-4777-8D67-D091E031705B}.Debug|iPhone.Build.0 = Debug|Any CPU
		{48F3B8D1-32F9-4777-8D67-D091E031705B}.Debug|iPhoneSimulator.ActiveCfg = Debug|Any CPU
		{48F3B8D1-32F9-4777-8D67-D091E031705B}.Debug|iPhoneSimulator.Build.0 = Debug|Any CPU
		{48F3B8D1-32F9-4777-8D67-D091E031705B}.Debug|x64.ActiveCfg = Debug|Any CPU
		{48F3B8D1-32F9-4777-8D67-D091E031705B}.Debug|x64.Build.0 = Debug|Any CPU
		{48F3B8D1-32F9-4777-8D67-D091E031705B}.Debug|x86.ActiveCfg = Debug|Any CPU
		{48F3B8D1-32F9-4777-8D67-D091E031705B}.Debug|x86.Build.0 = Debug|Any CPU
		{48F3B8D1-32F9-4777-8D67-D091E031705B}.Release|Any CPU.ActiveCfg = Release|Any CPU
		{48F3B8D1-32F9-4777-8D67-D091E031705B}.Release|Any CPU.Build.0 = Release|Any CPU
		{48F3B8D1-32F9-4777-8D67-D091E031705B}.Release|ARM.ActiveCfg = Release|Any CPU
		{48F3B8D1-32F9-4777-8D67-D091E031705B}.Release|ARM.Build.0 = Release|Any CPU
		{48F3B8D1-32F9-4777-8D67-D091E031705B}.Release|iPhone.ActiveCfg = Release|Any CPU
		{48F3B8D1-32F9-4777-8D67-D091E031705B}.Release|iPhone.Build.0 = Release|Any CPU
		{48F3B8D1-32F9-4777-8D67-D091E031705B}.Release|iPhoneSimulator.ActiveCfg = Release|Any CPU
		{48F3B8D1-32F9-4777-8D67-D091E031705B}.Release|iPhoneSimulator.Build.0 = Release|Any CPU
		{48F3B8D1-32F9-4777-8D67-D091E031705B}.Release|x64.ActiveCfg = Release|Any CPU
		{48F3B8D1-32F9-4777-8D67-D091E031705B}.Release|x64.Build.0 = Release|Any CPU
		{48F3B8D1-32F9-4777-8D67-D091E031705B}.Release|x86.ActiveCfg = Release|Any CPU
		{48F3B8D1-32F9-4777-8D67-D091E031705B}.Release|x86.Build.0 = Release|Any CPU
		{8954AD0B-E0D9-43A1-A572-ABFCB2D9393B}.Debug|Any CPU.ActiveCfg = Debug|Any CPU
		{8954AD0B-E0D9-43A1-A572-ABFCB2D9393B}.Debug|Any CPU.Build.0 = Debug|Any CPU
		{8954AD0B-E0D9-43A1-A572-ABFCB2D9393B}.Debug|ARM.ActiveCfg = Debug|Any CPU
		{8954AD0B-E0D9-43A1-A572-ABFCB2D9393B}.Debug|ARM.Build.0 = Debug|Any CPU
		{8954AD0B-E0D9-43A1-A572-ABFCB2D9393B}.Debug|iPhone.ActiveCfg = Debug|Any CPU
		{8954AD0B-E0D9-43A1-A572-ABFCB2D9393B}.Debug|iPhone.Build.0 = Debug|Any CPU
		{8954AD0B-E0D9-43A1-A572-ABFCB2D9393B}.Debug|iPhoneSimulator.ActiveCfg = Debug|Any CPU
		{8954AD0B-E0D9-43A1-A572-ABFCB2D9393B}.Debug|iPhoneSimulator.Build.0 = Debug|Any CPU
		{8954AD0B-E0D9-43A1-A572-ABFCB2D9393B}.Debug|x64.ActiveCfg = Debug|Any CPU
		{8954AD0B-E0D9-43A1-A572-ABFCB2D9393B}.Debug|x64.Build.0 = Debug|Any CPU
		{8954AD0B-E0D9-43A1-A572-ABFCB2D9393B}.Debug|x86.ActiveCfg = Debug|Any CPU
		{8954AD0B-E0D9-43A1-A572-ABFCB2D9393B}.Debug|x86.Build.0 = Debug|Any CPU
		{8954AD0B-E0D9-43A1-A572-ABFCB2D9393B}.Release|Any CPU.ActiveCfg = Release|Any CPU
		{8954AD0B-E0D9-43A1-A572-ABFCB2D9393B}.Release|Any CPU.Build.0 = Release|Any CPU
		{8954AD0B-E0D9-43A1-A572-ABFCB2D9393B}.Release|ARM.ActiveCfg = Release|Any CPU
		{8954AD0B-E0D9-43A1-A572-ABFCB2D9393B}.Release|ARM.Build.0 = Release|Any CPU
		{8954AD0B-E0D9-43A1-A572-ABFCB2D9393B}.Release|iPhone.ActiveCfg = Release|Any CPU
		{8954AD0B-E0D9-43A1-A572-ABFCB2D9393B}.Release|iPhone.Build.0 = Release|Any CPU
		{8954AD0B-E0D9-43A1-A572-ABFCB2D9393B}.Release|iPhoneSimulator.ActiveCfg = Release|Any CPU
		{8954AD0B-E0D9-43A1-A572-ABFCB2D9393B}.Release|iPhoneSimulator.Build.0 = Release|Any CPU
		{8954AD0B-E0D9-43A1-A572-ABFCB2D9393B}.Release|x64.ActiveCfg = Release|Any CPU
		{8954AD0B-E0D9-43A1-A572-ABFCB2D9393B}.Release|x64.Build.0 = Release|Any CPU
		{8954AD0B-E0D9-43A1-A572-ABFCB2D9393B}.Release|x86.ActiveCfg = Release|Any CPU
		{8954AD0B-E0D9-43A1-A572-ABFCB2D9393B}.Release|x86.Build.0 = Release|Any CPU
		{209B7687-B521-4AE3-BF8C-98D421BEF99C}.Debug|Any CPU.ActiveCfg = Debug|Any CPU
		{209B7687-B521-4AE3-BF8C-98D421BEF99C}.Debug|Any CPU.Build.0 = Debug|Any CPU
		{209B7687-B521-4AE3-BF8C-98D421BEF99C}.Debug|ARM.ActiveCfg = Debug|Any CPU
		{209B7687-B521-4AE3-BF8C-98D421BEF99C}.Debug|ARM.Build.0 = Debug|Any CPU
		{209B7687-B521-4AE3-BF8C-98D421BEF99C}.Debug|iPhone.ActiveCfg = Debug|Any CPU
		{209B7687-B521-4AE3-BF8C-98D421BEF99C}.Debug|iPhone.Build.0 = Debug|Any CPU
		{209B7687-B521-4AE3-BF8C-98D421BEF99C}.Debug|iPhoneSimulator.ActiveCfg = Debug|Any CPU
		{209B7687-B521-4AE3-BF8C-98D421BEF99C}.Debug|iPhoneSimulator.Build.0 = Debug|Any CPU
		{209B7687-B521-4AE3-BF8C-98D421BEF99C}.Debug|x64.ActiveCfg = Debug|Any CPU
		{209B7687-B521-4AE3-BF8C-98D421BEF99C}.Debug|x64.Build.0 = Debug|Any CPU
		{209B7687-B521-4AE3-BF8C-98D421BEF99C}.Debug|x86.ActiveCfg = Debug|Any CPU
		{209B7687-B521-4AE3-BF8C-98D421BEF99C}.Debug|x86.Build.0 = Debug|Any CPU
		{209B7687-B521-4AE3-BF8C-98D421BEF99C}.Release|Any CPU.ActiveCfg = Release|Any CPU
		{209B7687-B521-4AE3-BF8C-98D421BEF99C}.Release|Any CPU.Build.0 = Release|Any CPU
		{209B7687-B521-4AE3-BF8C-98D421BEF99C}.Release|ARM.ActiveCfg = Release|Any CPU
		{209B7687-B521-4AE3-BF8C-98D421BEF99C}.Release|ARM.Build.0 = Release|Any CPU
		{209B7687-B521-4AE3-BF8C-98D421BEF99C}.Release|iPhone.ActiveCfg = Release|Any CPU
		{209B7687-B521-4AE3-BF8C-98D421BEF99C}.Release|iPhone.Build.0 = Release|Any CPU
		{209B7687-B521-4AE3-BF8C-98D421BEF99C}.Release|iPhoneSimulator.ActiveCfg = Release|Any CPU
		{209B7687-B521-4AE3-BF8C-98D421BEF99C}.Release|iPhoneSimulator.Build.0 = Release|Any CPU
		{209B7687-B521-4AE3-BF8C-98D421BEF99C}.Release|x64.ActiveCfg = Release|Any CPU
		{209B7687-B521-4AE3-BF8C-98D421BEF99C}.Release|x64.Build.0 = Release|Any CPU
		{209B7687-B521-4AE3-BF8C-98D421BEF99C}.Release|x86.ActiveCfg = Release|Any CPU
		{209B7687-B521-4AE3-BF8C-98D421BEF99C}.Release|x86.Build.0 = Release|Any CPU
		{DB433A12-90AB-4D6A-B4B9-C614F3DE92EC}.Debug|Any CPU.ActiveCfg = Debug|Any CPU
		{DB433A12-90AB-4D6A-B4B9-C614F3DE92EC}.Debug|Any CPU.Build.0 = Debug|Any CPU
		{DB433A12-90AB-4D6A-B4B9-C614F3DE92EC}.Debug|ARM.ActiveCfg = Debug|Any CPU
		{DB433A12-90AB-4D6A-B4B9-C614F3DE92EC}.Debug|ARM.Build.0 = Debug|Any CPU
		{DB433A12-90AB-4D6A-B4B9-C614F3DE92EC}.Debug|iPhone.ActiveCfg = Debug|Any CPU
		{DB433A12-90AB-4D6A-B4B9-C614F3DE92EC}.Debug|iPhone.Build.0 = Debug|Any CPU
		{DB433A12-90AB-4D6A-B4B9-C614F3DE92EC}.Debug|iPhoneSimulator.ActiveCfg = Debug|Any CPU
		{DB433A12-90AB-4D6A-B4B9-C614F3DE92EC}.Debug|iPhoneSimulator.Build.0 = Debug|Any CPU
		{DB433A12-90AB-4D6A-B4B9-C614F3DE92EC}.Debug|x64.ActiveCfg = Debug|Any CPU
		{DB433A12-90AB-4D6A-B4B9-C614F3DE92EC}.Debug|x64.Build.0 = Debug|Any CPU
		{DB433A12-90AB-4D6A-B4B9-C614F3DE92EC}.Debug|x86.ActiveCfg = Debug|Any CPU
		{DB433A12-90AB-4D6A-B4B9-C614F3DE92EC}.Debug|x86.Build.0 = Debug|Any CPU
		{DB433A12-90AB-4D6A-B4B9-C614F3DE92EC}.Release|Any CPU.ActiveCfg = Release|Any CPU
		{DB433A12-90AB-4D6A-B4B9-C614F3DE92EC}.Release|Any CPU.Build.0 = Release|Any CPU
		{DB433A12-90AB-4D6A-B4B9-C614F3DE92EC}.Release|ARM.ActiveCfg = Release|Any CPU
		{DB433A12-90AB-4D6A-B4B9-C614F3DE92EC}.Release|ARM.Build.0 = Release|Any CPU
		{DB433A12-90AB-4D6A-B4B9-C614F3DE92EC}.Release|iPhone.ActiveCfg = Release|Any CPU
		{DB433A12-90AB-4D6A-B4B9-C614F3DE92EC}.Release|iPhone.Build.0 = Release|Any CPU
		{DB433A12-90AB-4D6A-B4B9-C614F3DE92EC}.Release|iPhoneSimulator.ActiveCfg = Release|Any CPU
		{DB433A12-90AB-4D6A-B4B9-C614F3DE92EC}.Release|iPhoneSimulator.Build.0 = Release|Any CPU
		{DB433A12-90AB-4D6A-B4B9-C614F3DE92EC}.Release|x64.ActiveCfg = Release|Any CPU
		{DB433A12-90AB-4D6A-B4B9-C614F3DE92EC}.Release|x64.Build.0 = Release|Any CPU
		{DB433A12-90AB-4D6A-B4B9-C614F3DE92EC}.Release|x86.ActiveCfg = Release|Any CPU
		{DB433A12-90AB-4D6A-B4B9-C614F3DE92EC}.Release|x86.Build.0 = Release|Any CPU
		{AB75A000-DB35-40BA-BDA2-ACEAAEBD3DD4}.Debug|Any CPU.ActiveCfg = Debug|Any CPU
		{AB75A000-DB35-40BA-BDA2-ACEAAEBD3DD4}.Debug|Any CPU.Build.0 = Debug|Any CPU
		{AB75A000-DB35-40BA-BDA2-ACEAAEBD3DD4}.Debug|ARM.ActiveCfg = Debug|Any CPU
		{AB75A000-DB35-40BA-BDA2-ACEAAEBD3DD4}.Debug|ARM.Build.0 = Debug|Any CPU
		{AB75A000-DB35-40BA-BDA2-ACEAAEBD3DD4}.Debug|iPhone.ActiveCfg = Debug|Any CPU
		{AB75A000-DB35-40BA-BDA2-ACEAAEBD3DD4}.Debug|iPhone.Build.0 = Debug|Any CPU
		{AB75A000-DB35-40BA-BDA2-ACEAAEBD3DD4}.Debug|iPhoneSimulator.ActiveCfg = Debug|Any CPU
		{AB75A000-DB35-40BA-BDA2-ACEAAEBD3DD4}.Debug|iPhoneSimulator.Build.0 = Debug|Any CPU
		{AB75A000-DB35-40BA-BDA2-ACEAAEBD3DD4}.Debug|x64.ActiveCfg = Debug|Any CPU
		{AB75A000-DB35-40BA-BDA2-ACEAAEBD3DD4}.Debug|x64.Build.0 = Debug|Any CPU
		{AB75A000-DB35-40BA-BDA2-ACEAAEBD3DD4}.Debug|x86.ActiveCfg = Debug|Any CPU
		{AB75A000-DB35-40BA-BDA2-ACEAAEBD3DD4}.Debug|x86.Build.0 = Debug|Any CPU
		{AB75A000-DB35-40BA-BDA2-ACEAAEBD3DD4}.Release|Any CPU.ActiveCfg = Release|Any CPU
		{AB75A000-DB35-40BA-BDA2-ACEAAEBD3DD4}.Release|Any CPU.Build.0 = Release|Any CPU
		{AB75A000-DB35-40BA-BDA2-ACEAAEBD3DD4}.Release|ARM.ActiveCfg = Release|Any CPU
		{AB75A000-DB35-40BA-BDA2-ACEAAEBD3DD4}.Release|ARM.Build.0 = Release|Any CPU
		{AB75A000-DB35-40BA-BDA2-ACEAAEBD3DD4}.Release|iPhone.ActiveCfg = Release|Any CPU
		{AB75A000-DB35-40BA-BDA2-ACEAAEBD3DD4}.Release|iPhone.Build.0 = Release|Any CPU
		{AB75A000-DB35-40BA-BDA2-ACEAAEBD3DD4}.Release|iPhoneSimulator.ActiveCfg = Release|Any CPU
		{AB75A000-DB35-40BA-BDA2-ACEAAEBD3DD4}.Release|iPhoneSimulator.Build.0 = Release|Any CPU
		{AB75A000-DB35-40BA-BDA2-ACEAAEBD3DD4}.Release|x64.ActiveCfg = Release|Any CPU
		{AB75A000-DB35-40BA-BDA2-ACEAAEBD3DD4}.Release|x64.Build.0 = Release|Any CPU
		{AB75A000-DB35-40BA-BDA2-ACEAAEBD3DD4}.Release|x86.ActiveCfg = Release|Any CPU
		{AB75A000-DB35-40BA-BDA2-ACEAAEBD3DD4}.Release|x86.Build.0 = Release|Any CPU
		{0CADC6E4-A083-4227-B4FF-E4BF1DFA09F5}.Debug|Any CPU.ActiveCfg = Debug|Any CPU
		{0CADC6E4-A083-4227-B4FF-E4BF1DFA09F5}.Debug|Any CPU.Build.0 = Debug|Any CPU
		{0CADC6E4-A083-4227-B4FF-E4BF1DFA09F5}.Debug|ARM.ActiveCfg = Debug|Any CPU
		{0CADC6E4-A083-4227-B4FF-E4BF1DFA09F5}.Debug|ARM.Build.0 = Debug|Any CPU
		{0CADC6E4-A083-4227-B4FF-E4BF1DFA09F5}.Debug|iPhone.ActiveCfg = Debug|Any CPU
		{0CADC6E4-A083-4227-B4FF-E4BF1DFA09F5}.Debug|iPhone.Build.0 = Debug|Any CPU
		{0CADC6E4-A083-4227-B4FF-E4BF1DFA09F5}.Debug|iPhoneSimulator.ActiveCfg = Debug|Any CPU
		{0CADC6E4-A083-4227-B4FF-E4BF1DFA09F5}.Debug|iPhoneSimulator.Build.0 = Debug|Any CPU
		{0CADC6E4-A083-4227-B4FF-E4BF1DFA09F5}.Debug|x64.ActiveCfg = Debug|Any CPU
		{0CADC6E4-A083-4227-B4FF-E4BF1DFA09F5}.Debug|x64.Build.0 = Debug|Any CPU
		{0CADC6E4-A083-4227-B4FF-E4BF1DFA09F5}.Debug|x86.ActiveCfg = Debug|Any CPU
		{0CADC6E4-A083-4227-B4FF-E4BF1DFA09F5}.Debug|x86.Build.0 = Debug|Any CPU
		{0CADC6E4-A083-4227-B4FF-E4BF1DFA09F5}.Release|Any CPU.ActiveCfg = Release|Any CPU
		{0CADC6E4-A083-4227-B4FF-E4BF1DFA09F5}.Release|Any CPU.Build.0 = Release|Any CPU
		{0CADC6E4-A083-4227-B4FF-E4BF1DFA09F5}.Release|ARM.ActiveCfg = Release|Any CPU
		{0CADC6E4-A083-4227-B4FF-E4BF1DFA09F5}.Release|ARM.Build.0 = Release|Any CPU
		{0CADC6E4-A083-4227-B4FF-E4BF1DFA09F5}.Release|iPhone.ActiveCfg = Release|Any CPU
		{0CADC6E4-A083-4227-B4FF-E4BF1DFA09F5}.Release|iPhone.Build.0 = Release|Any CPU
		{0CADC6E4-A083-4227-B4FF-E4BF1DFA09F5}.Release|iPhoneSimulator.ActiveCfg = Release|Any CPU
		{0CADC6E4-A083-4227-B4FF-E4BF1DFA09F5}.Release|iPhoneSimulator.Build.0 = Release|Any CPU
		{0CADC6E4-A083-4227-B4FF-E4BF1DFA09F5}.Release|x64.ActiveCfg = Release|Any CPU
		{0CADC6E4-A083-4227-B4FF-E4BF1DFA09F5}.Release|x64.Build.0 = Release|Any CPU
		{0CADC6E4-A083-4227-B4FF-E4BF1DFA09F5}.Release|x86.ActiveCfg = Release|Any CPU
		{0CADC6E4-A083-4227-B4FF-E4BF1DFA09F5}.Release|x86.Build.0 = Release|Any CPU
		{26F6ECF9-4369-417B-8CF2-54FA92DF3660}.Debug|Any CPU.ActiveCfg = Debug|Any CPU
		{26F6ECF9-4369-417B-8CF2-54FA92DF3660}.Debug|Any CPU.Build.0 = Debug|Any CPU
		{26F6ECF9-4369-417B-8CF2-54FA92DF3660}.Debug|ARM.ActiveCfg = Debug|Any CPU
		{26F6ECF9-4369-417B-8CF2-54FA92DF3660}.Debug|ARM.Build.0 = Debug|Any CPU
		{26F6ECF9-4369-417B-8CF2-54FA92DF3660}.Debug|iPhone.ActiveCfg = Debug|Any CPU
		{26F6ECF9-4369-417B-8CF2-54FA92DF3660}.Debug|iPhone.Build.0 = Debug|Any CPU
		{26F6ECF9-4369-417B-8CF2-54FA92DF3660}.Debug|iPhoneSimulator.ActiveCfg = Debug|Any CPU
		{26F6ECF9-4369-417B-8CF2-54FA92DF3660}.Debug|iPhoneSimulator.Build.0 = Debug|Any CPU
		{26F6ECF9-4369-417B-8CF2-54FA92DF3660}.Debug|x64.ActiveCfg = Debug|Any CPU
		{26F6ECF9-4369-417B-8CF2-54FA92DF3660}.Debug|x64.Build.0 = Debug|Any CPU
		{26F6ECF9-4369-417B-8CF2-54FA92DF3660}.Debug|x86.ActiveCfg = Debug|Any CPU
		{26F6ECF9-4369-417B-8CF2-54FA92DF3660}.Debug|x86.Build.0 = Debug|Any CPU
		{26F6ECF9-4369-417B-8CF2-54FA92DF3660}.Release|Any CPU.ActiveCfg = Release|Any CPU
		{26F6ECF9-4369-417B-8CF2-54FA92DF3660}.Release|Any CPU.Build.0 = Release|Any CPU
		{26F6ECF9-4369-417B-8CF2-54FA92DF3660}.Release|ARM.ActiveCfg = Release|Any CPU
		{26F6ECF9-4369-417B-8CF2-54FA92DF3660}.Release|ARM.Build.0 = Release|Any CPU
		{26F6ECF9-4369-417B-8CF2-54FA92DF3660}.Release|iPhone.ActiveCfg = Release|Any CPU
		{26F6ECF9-4369-417B-8CF2-54FA92DF3660}.Release|iPhone.Build.0 = Release|Any CPU
		{26F6ECF9-4369-417B-8CF2-54FA92DF3660}.Release|iPhoneSimulator.ActiveCfg = Release|Any CPU
		{26F6ECF9-4369-417B-8CF2-54FA92DF3660}.Release|iPhoneSimulator.Build.0 = Release|Any CPU
		{26F6ECF9-4369-417B-8CF2-54FA92DF3660}.Release|x64.ActiveCfg = Release|Any CPU
		{26F6ECF9-4369-417B-8CF2-54FA92DF3660}.Release|x64.Build.0 = Release|Any CPU
		{26F6ECF9-4369-417B-8CF2-54FA92DF3660}.Release|x86.ActiveCfg = Release|Any CPU
		{26F6ECF9-4369-417B-8CF2-54FA92DF3660}.Release|x86.Build.0 = Release|Any CPU
		{FEF1022F-F762-41DE-8D38-7EF21956F229}.Debug|Any CPU.ActiveCfg = Debug|Any CPU
		{FEF1022F-F762-41DE-8D38-7EF21956F229}.Debug|Any CPU.Build.0 = Debug|Any CPU
		{FEF1022F-F762-41DE-8D38-7EF21956F229}.Debug|ARM.ActiveCfg = Debug|Any CPU
		{FEF1022F-F762-41DE-8D38-7EF21956F229}.Debug|ARM.Build.0 = Debug|Any CPU
		{FEF1022F-F762-41DE-8D38-7EF21956F229}.Debug|iPhone.ActiveCfg = Debug|Any CPU
		{FEF1022F-F762-41DE-8D38-7EF21956F229}.Debug|iPhone.Build.0 = Debug|Any CPU
		{FEF1022F-F762-41DE-8D38-7EF21956F229}.Debug|iPhoneSimulator.ActiveCfg = Debug|Any CPU
		{FEF1022F-F762-41DE-8D38-7EF21956F229}.Debug|iPhoneSimulator.Build.0 = Debug|Any CPU
		{FEF1022F-F762-41DE-8D38-7EF21956F229}.Debug|x64.ActiveCfg = Debug|Any CPU
		{FEF1022F-F762-41DE-8D38-7EF21956F229}.Debug|x64.Build.0 = Debug|Any CPU
		{FEF1022F-F762-41DE-8D38-7EF21956F229}.Debug|x86.ActiveCfg = Debug|Any CPU
		{FEF1022F-F762-41DE-8D38-7EF21956F229}.Debug|x86.Build.0 = Debug|Any CPU
		{FEF1022F-F762-41DE-8D38-7EF21956F229}.Release|Any CPU.ActiveCfg = Release|Any CPU
		{FEF1022F-F762-41DE-8D38-7EF21956F229}.Release|Any CPU.Build.0 = Release|Any CPU
		{FEF1022F-F762-41DE-8D38-7EF21956F229}.Release|ARM.ActiveCfg = Release|Any CPU
		{FEF1022F-F762-41DE-8D38-7EF21956F229}.Release|ARM.Build.0 = Release|Any CPU
		{FEF1022F-F762-41DE-8D38-7EF21956F229}.Release|iPhone.ActiveCfg = Release|Any CPU
		{FEF1022F-F762-41DE-8D38-7EF21956F229}.Release|iPhone.Build.0 = Release|Any CPU
		{FEF1022F-F762-41DE-8D38-7EF21956F229}.Release|iPhoneSimulator.ActiveCfg = Release|Any CPU
		{FEF1022F-F762-41DE-8D38-7EF21956F229}.Release|iPhoneSimulator.Build.0 = Release|Any CPU
		{FEF1022F-F762-41DE-8D38-7EF21956F229}.Release|x64.ActiveCfg = Release|Any CPU
		{FEF1022F-F762-41DE-8D38-7EF21956F229}.Release|x64.Build.0 = Release|Any CPU
		{FEF1022F-F762-41DE-8D38-7EF21956F229}.Release|x86.ActiveCfg = Release|Any CPU
		{FEF1022F-F762-41DE-8D38-7EF21956F229}.Release|x86.Build.0 = Release|Any CPU
		{CE945AA4-26E3-4037-A1C2-70E5D5118E5A}.Debug|Any CPU.ActiveCfg = Debug|Any CPU
		{CE945AA4-26E3-4037-A1C2-70E5D5118E5A}.Debug|Any CPU.Build.0 = Debug|Any CPU
		{CE945AA4-26E3-4037-A1C2-70E5D5118E5A}.Debug|ARM.ActiveCfg = Debug|Any CPU
		{CE945AA4-26E3-4037-A1C2-70E5D5118E5A}.Debug|ARM.Build.0 = Debug|Any CPU
		{CE945AA4-26E3-4037-A1C2-70E5D5118E5A}.Debug|iPhone.ActiveCfg = Debug|Any CPU
		{CE945AA4-26E3-4037-A1C2-70E5D5118E5A}.Debug|iPhone.Build.0 = Debug|Any CPU
		{CE945AA4-26E3-4037-A1C2-70E5D5118E5A}.Debug|iPhoneSimulator.ActiveCfg = Debug|Any CPU
		{CE945AA4-26E3-4037-A1C2-70E5D5118E5A}.Debug|iPhoneSimulator.Build.0 = Debug|Any CPU
		{CE945AA4-26E3-4037-A1C2-70E5D5118E5A}.Debug|x64.ActiveCfg = Debug|Any CPU
		{CE945AA4-26E3-4037-A1C2-70E5D5118E5A}.Debug|x64.Build.0 = Debug|Any CPU
		{CE945AA4-26E3-4037-A1C2-70E5D5118E5A}.Debug|x86.ActiveCfg = Debug|Any CPU
		{CE945AA4-26E3-4037-A1C2-70E5D5118E5A}.Debug|x86.Build.0 = Debug|Any CPU
		{CE945AA4-26E3-4037-A1C2-70E5D5118E5A}.Release|Any CPU.ActiveCfg = Release|Any CPU
		{CE945AA4-26E3-4037-A1C2-70E5D5118E5A}.Release|Any CPU.Build.0 = Release|Any CPU
		{CE945AA4-26E3-4037-A1C2-70E5D5118E5A}.Release|ARM.ActiveCfg = Release|Any CPU
		{CE945AA4-26E3-4037-A1C2-70E5D5118E5A}.Release|ARM.Build.0 = Release|Any CPU
		{CE945AA4-26E3-4037-A1C2-70E5D5118E5A}.Release|iPhone.ActiveCfg = Release|Any CPU
		{CE945AA4-26E3-4037-A1C2-70E5D5118E5A}.Release|iPhone.Build.0 = Release|Any CPU
		{CE945AA4-26E3-4037-A1C2-70E5D5118E5A}.Release|iPhoneSimulator.ActiveCfg = Release|Any CPU
		{CE945AA4-26E3-4037-A1C2-70E5D5118E5A}.Release|iPhoneSimulator.Build.0 = Release|Any CPU
		{CE945AA4-26E3-4037-A1C2-70E5D5118E5A}.Release|x64.ActiveCfg = Release|Any CPU
		{CE945AA4-26E3-4037-A1C2-70E5D5118E5A}.Release|x64.Build.0 = Release|Any CPU
		{CE945AA4-26E3-4037-A1C2-70E5D5118E5A}.Release|x86.ActiveCfg = Release|Any CPU
		{CE945AA4-26E3-4037-A1C2-70E5D5118E5A}.Release|x86.Build.0 = Release|Any CPU
		{C70C332B-38D0-4DE8-AA3B-C66540847082}.Debug|Any CPU.ActiveCfg = Debug|Any CPU
		{C70C332B-38D0-4DE8-AA3B-C66540847082}.Debug|Any CPU.Build.0 = Debug|Any CPU
		{C70C332B-38D0-4DE8-AA3B-C66540847082}.Debug|Any CPU.Deploy.0 = Debug|Any CPU
		{C70C332B-38D0-4DE8-AA3B-C66540847082}.Debug|ARM.ActiveCfg = Debug|Any CPU
		{C70C332B-38D0-4DE8-AA3B-C66540847082}.Debug|ARM.Build.0 = Debug|Any CPU
		{C70C332B-38D0-4DE8-AA3B-C66540847082}.Debug|ARM.Deploy.0 = Debug|Any CPU
		{C70C332B-38D0-4DE8-AA3B-C66540847082}.Debug|iPhone.ActiveCfg = Debug|Any CPU
		{C70C332B-38D0-4DE8-AA3B-C66540847082}.Debug|iPhone.Build.0 = Debug|Any CPU
		{C70C332B-38D0-4DE8-AA3B-C66540847082}.Debug|iPhone.Deploy.0 = Debug|Any CPU
		{C70C332B-38D0-4DE8-AA3B-C66540847082}.Debug|iPhoneSimulator.ActiveCfg = Debug|Any CPU
		{C70C332B-38D0-4DE8-AA3B-C66540847082}.Debug|iPhoneSimulator.Build.0 = Debug|Any CPU
		{C70C332B-38D0-4DE8-AA3B-C66540847082}.Debug|iPhoneSimulator.Deploy.0 = Debug|Any CPU
		{C70C332B-38D0-4DE8-AA3B-C66540847082}.Debug|x64.ActiveCfg = Debug|Any CPU
		{C70C332B-38D0-4DE8-AA3B-C66540847082}.Debug|x64.Build.0 = Debug|Any CPU
		{C70C332B-38D0-4DE8-AA3B-C66540847082}.Debug|x64.Deploy.0 = Debug|Any CPU
		{C70C332B-38D0-4DE8-AA3B-C66540847082}.Debug|x86.ActiveCfg = Debug|Any CPU
		{C70C332B-38D0-4DE8-AA3B-C66540847082}.Debug|x86.Build.0 = Debug|Any CPU
		{C70C332B-38D0-4DE8-AA3B-C66540847082}.Debug|x86.Deploy.0 = Debug|Any CPU
		{C70C332B-38D0-4DE8-AA3B-C66540847082}.Release|Any CPU.ActiveCfg = Release|Any CPU
		{C70C332B-38D0-4DE8-AA3B-C66540847082}.Release|Any CPU.Build.0 = Release|Any CPU
		{C70C332B-38D0-4DE8-AA3B-C66540847082}.Release|Any CPU.Deploy.0 = Release|Any CPU
		{C70C332B-38D0-4DE8-AA3B-C66540847082}.Release|ARM.ActiveCfg = Release|Any CPU
		{C70C332B-38D0-4DE8-AA3B-C66540847082}.Release|ARM.Build.0 = Release|Any CPU
		{C70C332B-38D0-4DE8-AA3B-C66540847082}.Release|ARM.Deploy.0 = Release|Any CPU
		{C70C332B-38D0-4DE8-AA3B-C66540847082}.Release|iPhone.ActiveCfg = Release|Any CPU
		{C70C332B-38D0-4DE8-AA3B-C66540847082}.Release|iPhone.Build.0 = Release|Any CPU
		{C70C332B-38D0-4DE8-AA3B-C66540847082}.Release|iPhone.Deploy.0 = Release|Any CPU
		{C70C332B-38D0-4DE8-AA3B-C66540847082}.Release|iPhoneSimulator.ActiveCfg = Release|Any CPU
		{C70C332B-38D0-4DE8-AA3B-C66540847082}.Release|iPhoneSimulator.Build.0 = Release|Any CPU
		{C70C332B-38D0-4DE8-AA3B-C66540847082}.Release|iPhoneSimulator.Deploy.0 = Release|Any CPU
		{C70C332B-38D0-4DE8-AA3B-C66540847082}.Release|x64.ActiveCfg = Release|Any CPU
		{C70C332B-38D0-4DE8-AA3B-C66540847082}.Release|x64.Build.0 = Release|Any CPU
		{C70C332B-38D0-4DE8-AA3B-C66540847082}.Release|x64.Deploy.0 = Release|Any CPU
		{C70C332B-38D0-4DE8-AA3B-C66540847082}.Release|x86.ActiveCfg = Release|Any CPU
		{C70C332B-38D0-4DE8-AA3B-C66540847082}.Release|x86.Build.0 = Release|Any CPU
		{C70C332B-38D0-4DE8-AA3B-C66540847082}.Release|x86.Deploy.0 = Release|Any CPU
		{CEDDD902-F608-4569-8E7C-A19146EBFA7C}.Debug|Any CPU.ActiveCfg = Debug|Any CPU
		{CEDDD902-F608-4569-8E7C-A19146EBFA7C}.Debug|Any CPU.Build.0 = Debug|Any CPU
		{CEDDD902-F608-4569-8E7C-A19146EBFA7C}.Debug|ARM.ActiveCfg = Debug|Any CPU
		{CEDDD902-F608-4569-8E7C-A19146EBFA7C}.Debug|ARM.Build.0 = Debug|Any CPU
		{CEDDD902-F608-4569-8E7C-A19146EBFA7C}.Debug|iPhone.ActiveCfg = Debug|iPhone
		{CEDDD902-F608-4569-8E7C-A19146EBFA7C}.Debug|iPhone.Build.0 = Debug|iPhone
		{CEDDD902-F608-4569-8E7C-A19146EBFA7C}.Debug|iPhoneSimulator.ActiveCfg = Debug|iPhoneSimulator
		{CEDDD902-F608-4569-8E7C-A19146EBFA7C}.Debug|iPhoneSimulator.Build.0 = Debug|iPhoneSimulator
		{CEDDD902-F608-4569-8E7C-A19146EBFA7C}.Debug|x64.ActiveCfg = Debug|Any CPU
		{CEDDD902-F608-4569-8E7C-A19146EBFA7C}.Debug|x64.Build.0 = Debug|Any CPU
		{CEDDD902-F608-4569-8E7C-A19146EBFA7C}.Debug|x86.ActiveCfg = Debug|Any CPU
		{CEDDD902-F608-4569-8E7C-A19146EBFA7C}.Debug|x86.Build.0 = Debug|Any CPU
		{CEDDD902-F608-4569-8E7C-A19146EBFA7C}.Release|Any CPU.ActiveCfg = Release|Any CPU
		{CEDDD902-F608-4569-8E7C-A19146EBFA7C}.Release|Any CPU.Build.0 = Release|Any CPU
		{CEDDD902-F608-4569-8E7C-A19146EBFA7C}.Release|ARM.ActiveCfg = Release|Any CPU
		{CEDDD902-F608-4569-8E7C-A19146EBFA7C}.Release|ARM.Build.0 = Release|Any CPU
		{CEDDD902-F608-4569-8E7C-A19146EBFA7C}.Release|iPhone.ActiveCfg = Release|iPhone
		{CEDDD902-F608-4569-8E7C-A19146EBFA7C}.Release|iPhone.Build.0 = Release|iPhone
		{CEDDD902-F608-4569-8E7C-A19146EBFA7C}.Release|iPhoneSimulator.ActiveCfg = Release|iPhoneSimulator
		{CEDDD902-F608-4569-8E7C-A19146EBFA7C}.Release|iPhoneSimulator.Build.0 = Release|iPhoneSimulator
		{CEDDD902-F608-4569-8E7C-A19146EBFA7C}.Release|x64.ActiveCfg = Release|Any CPU
		{CEDDD902-F608-4569-8E7C-A19146EBFA7C}.Release|x64.Build.0 = Release|Any CPU
		{CEDDD902-F608-4569-8E7C-A19146EBFA7C}.Release|x86.ActiveCfg = Release|Any CPU
		{CEDDD902-F608-4569-8E7C-A19146EBFA7C}.Release|x86.Build.0 = Release|Any CPU
		{19D11FCF-4880-4997-BDB1-9F78A336DB71}.Debug|Any CPU.ActiveCfg = Debug|x86
		{19D11FCF-4880-4997-BDB1-9F78A336DB71}.Debug|ARM.ActiveCfg = Debug|ARM
		{19D11FCF-4880-4997-BDB1-9F78A336DB71}.Debug|ARM.Build.0 = Debug|ARM
		{19D11FCF-4880-4997-BDB1-9F78A336DB71}.Debug|ARM.Deploy.0 = Debug|ARM
		{19D11FCF-4880-4997-BDB1-9F78A336DB71}.Debug|iPhone.ActiveCfg = Debug|x86
		{19D11FCF-4880-4997-BDB1-9F78A336DB71}.Debug|iPhoneSimulator.ActiveCfg = Debug|x86
		{19D11FCF-4880-4997-BDB1-9F78A336DB71}.Debug|x64.ActiveCfg = Debug|x64
		{19D11FCF-4880-4997-BDB1-9F78A336DB71}.Debug|x64.Build.0 = Debug|x64
		{19D11FCF-4880-4997-BDB1-9F78A336DB71}.Debug|x64.Deploy.0 = Debug|x64
		{19D11FCF-4880-4997-BDB1-9F78A336DB71}.Debug|x86.ActiveCfg = Debug|x86
		{19D11FCF-4880-4997-BDB1-9F78A336DB71}.Debug|x86.Build.0 = Debug|x86
		{19D11FCF-4880-4997-BDB1-9F78A336DB71}.Debug|x86.Deploy.0 = Debug|x86
		{19D11FCF-4880-4997-BDB1-9F78A336DB71}.Release|Any CPU.ActiveCfg = Release|x86
		{19D11FCF-4880-4997-BDB1-9F78A336DB71}.Release|ARM.ActiveCfg = Release|ARM
		{19D11FCF-4880-4997-BDB1-9F78A336DB71}.Release|ARM.Build.0 = Release|ARM
		{19D11FCF-4880-4997-BDB1-9F78A336DB71}.Release|ARM.Deploy.0 = Release|ARM
		{19D11FCF-4880-4997-BDB1-9F78A336DB71}.Release|iPhone.ActiveCfg = Release|x86
		{19D11FCF-4880-4997-BDB1-9F78A336DB71}.Release|iPhoneSimulator.ActiveCfg = Release|x86
		{19D11FCF-4880-4997-BDB1-9F78A336DB71}.Release|x64.ActiveCfg = Release|x64
		{19D11FCF-4880-4997-BDB1-9F78A336DB71}.Release|x64.Build.0 = Release|x64
		{19D11FCF-4880-4997-BDB1-9F78A336DB71}.Release|x64.Deploy.0 = Release|x64
		{19D11FCF-4880-4997-BDB1-9F78A336DB71}.Release|x86.ActiveCfg = Release|x86
		{19D11FCF-4880-4997-BDB1-9F78A336DB71}.Release|x86.Build.0 = Release|x86
		{19D11FCF-4880-4997-BDB1-9F78A336DB71}.Release|x86.Deploy.0 = Release|x86
	EndGlobalSection
	GlobalSection(SolutionProperties) = preSolution
		HideSolutionNode = FALSE
	EndGlobalSection
EndGlobal
