
Microsoft Visual Studio Solution File, Format Version 12.00
# Visual Studio 14
VisualStudioVersion = 14.0.25123.0
MinimumVisualStudioVersion = 10.0.40219.1
Project("{FAE04EC0-301F-11D3-BF4B-00C04F79EFBC}") = "StratRoulette", "StratRoulette\StratRoulette.csproj", "{48F3B8D1-32F9-4777-8D67-D091E031705B}"
EndProject
Project("{FAE04EC0-301F-11D3-BF4B-00C04F79EFBC}") = "StratRoulette.Tests", "StratRoulette.Tests\StratRoulette.Tests.csproj", "{8954AD0B-E0D9-43A1-A572-ABFCB2D9393B}"
EndProject
Project("{FAE04EC0-301F-11D3-BF4B-00C04F79EFBC}") = "Business", "Business\Business.csproj", "{209B7687-B521-4AE3-BF8C-98D421BEF99C}"
EndProject
Global
	GlobalSection(SolutionConfigurationPlatforms) = preSolution
		Debug|Any CPU = Debug|Any CPU
		Release|Any CPU = Release|Any CPU
	EndGlobalSection
	GlobalSection(ProjectConfigurationPlatforms) = postSolution
		{48F3B8D1-32F9-4777-8D67-D091E031705B}.Debug|Any CPU.ActiveCfg = Debug|Any CPU
		{48F3B8D1-32F9-4777-8D67-D091E031705B}.Debug|Any CPU.Build.0 = Debug|Any CPU
		{48F3B8D1-32F9-4777-8D67-D091E031705B}.Release|Any CPU.ActiveCfg = Release|Any CPU
		{48F3B8D1-32F9-4777-8D67-D091E031705B}.Release|Any CPU.Build.0 = Release|Any CPU
		{8954AD0B-E0D9-43A1-A572-ABFCB2D9393B}.Debug|Any CPU.ActiveCfg = Debug|Any CPU
		{8954AD0B-E0D9-43A1-A572-ABFCB2D9393B}.Debug|Any CPU.Build.0 = Debug|Any CPU
		{8954AD0B-E0D9-43A1-A572-ABFCB2D9393B}.Release|Any CPU.ActiveCfg = Release|Any CPU
		{8954AD0B-E0D9-43A1-A572-ABFCB2D9393B}.Release|Any CPU.Build.0 = Release|Any CPU
		{209B7687-B521-4AE3-BF8C-98D421BEF99C}.Debug|Any CPU.ActiveCfg = Debug|Any CPU
		{209B7687-B521-4AE3-BF8C-98D421BEF99C}.Debug|Any CPU.Build.0 = Debug|Any CPU
		{209B7687-B521-4AE3-BF8C-98D421BEF99C}.Release|Any CPU.ActiveCfg = Release|Any CPU
		{209B7687-B521-4AE3-BF8C-98D421BEF99C}.Release|Any CPU.Build.0 = Release|Any CPU
	EndGlobalSection
	GlobalSection(SolutionProperties) = preSolution
		HideSolutionNode = FALSE
	EndGlobalSection
EndGlobal
